{
  "name": "portfolio-2.0",
  "version": "0.1.0",
  "lockfileVersion": 2,
  "requires": true,
  "packages": {
    "": {
      "name": "portfolio-2.0",
      "version": "0.1.0",
      "dependencies": {
        "storyblok-js-client": "^6.7.3"
      }
    },
    "node_modules/storyblok-js-client": {
      "version": "6.7.3",
      "resolved": "https://registry.npmjs.org/storyblok-js-client/-/storyblok-js-client-6.7.3.tgz",
      "integrity": "sha512-fBBxtyju6xtFYgAgoWBaU7WagB8M6wN+N+A3UAhZtAPW8yZmlbr3nZu26ErYIbSLaeueyFlcNrI4Kag+Kszsdw=="
    }
  },
  "dependencies": {
    "storyblok-js-client": {
      "version": "6.7.3",
      "resolved": "https://registry.npmjs.org/storyblok-js-client/-/storyblok-js-client-6.7.3.tgz",
      "integrity": "sha512-fBBxtyju6xtFYgAgoWBaU7WagB8M6wN+N+A3UAhZtAPW8yZmlbr3nZu26ErYIbSLaeueyFlcNrI4Kag+Kszsdw=="
    }
  }
}
